github.com/shirou/gopsutil v2.20.2+incompatible h1:ucK79BhBpgqQxPASyS2cu9HX8cfDVljBN1WWFvbNvgY=
github.com/shirou/gopsutil v2.20.2+incompatible/go.mod h1:5b4v6he4MtMOwMlS0TUMTu2PcXUg8+E1lC7eC3UO/RA=
golang.org/x/sys v0.0.0-20200301204400-5d559ad92b82 h1:lMQVwSjnOFtj3Ssuec21gK8stJac9xnIo2CjVk2cczw=
golang.org/x/sys v0.0.0-20200301204400-5d559ad92b82/go.mod h1:h1NjWce9XRLGQEsW7wpKNCjG9DtNlClVuFLEZdDNbEs=
